
Microsoft Visual Studio Solution File, Format Version 12.00
# Visual Studio Version 16
VisualStudioVersion = 16.0.30621.155
MinimumVisualStudioVersion = 10.0.40219.1
Project("{9A19103F-16F7-4668-BE54-9A1E7A4F7556}") = "TheImageWorld", "TheImageWorld\TheImageWorld.csproj", "{93B2DBCF-FC20-46AE-99B7-1CDB17D35D42}"
EndProject
Project("{9A19103F-16F7-4668-BE54-9A1E7A4F7556}") = "Data", "Data\Data.csproj", "{6383AEDA-3BCA-4428-A00F-2D57B0DF2CE4}"
EndProject
Global
	GlobalSection(SolutionConfigurationPlatforms) = preSolution
		Debug|Any CPU = Debug|Any CPU
		Release|Any CPU = Release|Any CPU
	EndGlobalSection
	GlobalSection(ProjectConfigurationPlatforms) = postSolution
		{93B2DBCF-FC20-46AE-99B7-1CDB17D35D42}.Debug|Any CPU.ActiveCfg = Debug|Any CPU
		{93B2DBCF-FC20-46AE-99B7-1CDB17D35D42}.Debug|Any CPU.Build.0 = Debug|Any CPU
		{93B2DBCF-FC20-46AE-99B7-1CDB17D35D42}.Release|Any CPU.ActiveCfg = Release|Any CPU
		{93B2DBCF-FC20-46AE-99B7-1CDB17D35D42}.Release|Any CPU.Build.0 = Release|Any CPU
		{6383AEDA-3BCA-4428-A00F-2D57B0DF2CE4}.Debug|Any CPU.ActiveCfg = Debug|Any CPU
		{6383AEDA-3BCA-4428-A00F-2D57B0DF2CE4}.Debug|Any CPU.Build.0 = Debug|Any CPU
		{6383AEDA-3BCA-4428-A00F-2D57B0DF2CE4}.Release|Any CPU.ActiveCfg = Release|Any CPU
		{6383AEDA-3BCA-4428-A00F-2D57B0DF2CE4}.Release|Any CPU.Build.0 = Release|Any CPU
	EndGlobalSection
	GlobalSection(SolutionProperties) = preSolution
		HideSolutionNode = FALSE
	EndGlobalSection
	GlobalSection(ExtensibilityGlobals) = postSolution
		SolutionGuid = {B1A81C6C-B0DC-4B72-8725-BD5783FAF67A}
	EndGlobalSection
EndGlobal
